
Microsoft Visual Studio Solution File, Format Version 12.00
Project("{FAE04EC0-301F-11D3-BF4B-00C04F79EFBC}") = "LicenseGenerator", "LicenseGenerator.csproj", "{21C38C97-B858-462C-A0D4-B832B50AFB9D}"
EndProject
Global
	GlobalSection(SolutionConfigurationPlatforms) = preSolution
		Debug|Any CPU = Debug|Any CPU
		Release|Any CPU = Release|Any CPU
	EndGlobalSection
	GlobalSection(ProjectConfigurationPlatforms) = postSolution
		{21C38C97-B858-462C-A0D4-B832B50AFB9D}.Debug|Any CPU.ActiveCfg = Debug|Any CPU
		{21C38C97-B858-462C-A0D4-B832B50AFB9D}.Debug|Any CPU.Build.0 = Debug|Any CPU
		{21C38C97-B858-462C-A0D4-B832B50AFB9D}.Release|Any CPU.ActiveCfg = Release|Any CPU
		{21C38C97-B858-462C-A0D4-B832B50AFB9D}.Release|Any CPU.Build.0 = Release|Any CPU
	EndGlobalSection
EndGlobal
